
Microsoft Visual Studio Solution File, Format Version 12.00
# Visual Studio Version 16
VisualStudioVersion = 16.0.31112.23
MinimumVisualStudioVersion = 10.0.40219.1
Project("{FAE04EC0-301F-11D3-BF4B-00C04F79EFBC}") = "FinanceWeb", "FinanceWeb\FinanceWeb.csproj", "{0EFAD2ED-758B-4C2E-AE54-2808FD939A59}"
EndProject
Global
	GlobalSection(SolutionConfigurationPlatforms) = preSolution
		Debug|Any CPU = Debug|Any CPU
		Release|Any CPU = Release|Any CPU
	EndGlobalSection
	GlobalSection(ProjectConfigurationPlatforms) = postSolution
		{0EFAD2ED-758B-4C2E-AE54-2808FD939A59}.Debug|Any CPU.ActiveCfg = Debug|Any CPU
		{0EFAD2ED-758B-4C2E-AE54-2808FD939A59}.Debug|Any CPU.Build.0 = Debug|Any CPU
		{0EFAD2ED-758B-4C2E-AE54-2808FD939A59}.Release|Any CPU.ActiveCfg = Release|Any CPU
		{0EFAD2ED-758B-4C2E-AE54-2808FD939A59}.Release|Any CPU.Build.0 = Release|Any CPU
	EndGlobalSection
	GlobalSection(SolutionProperties) = preSolution
		HideSolutionNode = FALSE
	EndGlobalSection
	GlobalSection(ExtensibilityGlobals) = postSolution
		SolutionGuid = {A026634E-3E50-4A3F-AE0A-E9582963E9D6}
	EndGlobalSection
EndGlobal
