
Microsoft Visual Studio Solution File, Format Version 12.00
# Visual Studio Version 16
VisualStudioVersion = 16.0.31112.23
MinimumVisualStudioVersion = 10.0.40219.1
Project("{9A19103F-16F7-4668-BE54-9A1E7A4F7556}") = "FinanceWeb", "FinanceWeb\FinanceWeb.csproj", "{508663D0-18FE-4170-ADF3-8DEFF114ADFA}"
EndProject
Project("{9A19103F-16F7-4668-BE54-9A1E7A4F7556}") = "UnitTests", "UnitTests\UnitTests.csproj", "{F80D8763-85F3-4E95-AF1C-484A6BD0A317}"
EndProject
Global
	GlobalSection(SolutionConfigurationPlatforms) = preSolution
		Debug|Any CPU = Debug|Any CPU
		Release|Any CPU = Release|Any CPU
	EndGlobalSection
	GlobalSection(ProjectConfigurationPlatforms) = postSolution
		{508663D0-18FE-4170-ADF3-8DEFF114ADFA}.Debug|Any CPU.ActiveCfg = Debug|Any CPU
		{508663D0-18FE-4170-ADF3-8DEFF114ADFA}.Debug|Any CPU.Build.0 = Debug|Any CPU
		{508663D0-18FE-4170-ADF3-8DEFF114ADFA}.Release|Any CPU.ActiveCfg = Release|Any CPU
		{508663D0-18FE-4170-ADF3-8DEFF114ADFA}.Release|Any CPU.Build.0 = Release|Any CPU
		{F80D8763-85F3-4E95-AF1C-484A6BD0A317}.Debug|Any CPU.ActiveCfg = Debug|Any CPU
		{F80D8763-85F3-4E95-AF1C-484A6BD0A317}.Debug|Any CPU.Build.0 = Debug|Any CPU
		{F80D8763-85F3-4E95-AF1C-484A6BD0A317}.Release|Any CPU.ActiveCfg = Release|Any CPU
		{F80D8763-85F3-4E95-AF1C-484A6BD0A317}.Release|Any CPU.Build.0 = Release|Any CPU
	EndGlobalSection
	GlobalSection(SolutionProperties) = preSolution
		HideSolutionNode = FALSE
	EndGlobalSection
	GlobalSection(ExtensibilityGlobals) = postSolution
		SolutionGuid = {CE1852EA-BA2E-484B-9C50-982E583B8DF9}
	EndGlobalSection
EndGlobal
